
Microsoft Visual Studio Solution File, Format Version 12.00
# Visual Studio Version 16
VisualStudioVersion = 16.0.31019.35
MinimumVisualStudioVersion = 10.0.40219.1
Project("{9A19103F-16F7-4668-BE54-9A1E7A4F7556}") = "DestinyLib", "DestinyLib\DestinyLib.csproj", "{92E42EA5-9FEF-4028-9752-E872CFD5FC7F}"
EndProject
Project("{9A19103F-16F7-4668-BE54-9A1E7A4F7556}") = "Tests", "Tests\Tests.csproj", "{B1A5F9AC-9770-43E6-9D83-27D7845998AA}"
EndProject
Project("{9A19103F-16F7-4668-BE54-9A1E7A4F7556}") = "InitEnvironment", "InitEnvironment\InitEnvironment.csproj", "{26222301-9767-4C6D-A57B-CEDAE260E681}"
EndProject
Project("{2150E333-8FDC-42A3-9474-1A3956D46DE8}") = "ConsoleApps", "ConsoleApps", "{2217BBF9-AA3F-4114-B14F-4276E9797868}"
EndProject
Global
	GlobalSection(SolutionConfigurationPlatforms) = preSolution
		Debug|Any CPU = Debug|Any CPU
		Release|Any CPU = Release|Any CPU
	EndGlobalSection
	GlobalSection(ProjectConfigurationPlatforms) = postSolution
		{92E42EA5-9FEF-4028-9752-E872CFD5FC7F}.Debug|Any CPU.ActiveCfg = Debug|Any CPU
		{92E42EA5-9FEF-4028-9752-E872CFD5FC7F}.Debug|Any CPU.Build.0 = Debug|Any CPU
		{92E42EA5-9FEF-4028-9752-E872CFD5FC7F}.Release|Any CPU.ActiveCfg = Release|Any CPU
		{92E42EA5-9FEF-4028-9752-E872CFD5FC7F}.Release|Any CPU.Build.0 = Release|Any CPU
		{B1A5F9AC-9770-43E6-9D83-27D7845998AA}.Debug|Any CPU.ActiveCfg = Debug|Any CPU
		{B1A5F9AC-9770-43E6-9D83-27D7845998AA}.Debug|Any CPU.Build.0 = Debug|Any CPU
		{B1A5F9AC-9770-43E6-9D83-27D7845998AA}.Release|Any CPU.ActiveCfg = Release|Any CPU
		{B1A5F9AC-9770-43E6-9D83-27D7845998AA}.Release|Any CPU.Build.0 = Release|Any CPU
		{26222301-9767-4C6D-A57B-CEDAE260E681}.Debug|Any CPU.ActiveCfg = Debug|Any CPU
		{26222301-9767-4C6D-A57B-CEDAE260E681}.Debug|Any CPU.Build.0 = Debug|Any CPU
		{26222301-9767-4C6D-A57B-CEDAE260E681}.Release|Any CPU.ActiveCfg = Release|Any CPU
		{26222301-9767-4C6D-A57B-CEDAE260E681}.Release|Any CPU.Build.0 = Release|Any CPU
	EndGlobalSection
	GlobalSection(SolutionProperties) = preSolution
		HideSolutionNode = FALSE
	EndGlobalSection
	GlobalSection(NestedProjects) = preSolution
		{26222301-9767-4C6D-A57B-CEDAE260E681} = {2217BBF9-AA3F-4114-B14F-4276E9797868}
	EndGlobalSection
	GlobalSection(ExtensibilityGlobals) = postSolution
		SolutionGuid = {15FD7C08-8067-498D-8915-6AB90E53EDF3}
	EndGlobalSection
EndGlobal
