
Microsoft Visual Studio Solution File, Format Version 12.00
# Visual Studio Version 16
VisualStudioVersion = 16.0.31019.35
MinimumVisualStudioVersion = 10.0.40219.1
Project("{9A19103F-16F7-4668-BE54-9A1E7A4F7556}") = "ConsoleApp1", "ConsoleApp1\ConsoleApp1.csproj", "{2D9843F9-654C-44DD-8950-36F003D88C4F}"
EndProject
Project("{FAE04EC0-301F-11D3-BF4B-00C04F79EFBC}") = "DestinyLib", "DestinyLib\DestinyLib.csproj", "{92E42EA5-9FEF-4028-9752-E872CFD5FC7F}"
EndProject
Global
	GlobalSection(SolutionConfigurationPlatforms) = preSolution
		Debug|Any CPU = Debug|Any CPU
		Release|Any CPU = Release|Any CPU
	EndGlobalSection
	GlobalSection(ProjectConfigurationPlatforms) = postSolution
		{2D9843F9-654C-44DD-8950-36F003D88C4F}.Debug|Any CPU.ActiveCfg = Debug|Any CPU
		{2D9843F9-654C-44DD-8950-36F003D88C4F}.Debug|Any CPU.Build.0 = Debug|Any CPU
		{2D9843F9-654C-44DD-8950-36F003D88C4F}.Release|Any CPU.ActiveCfg = Release|Any CPU
		{2D9843F9-654C-44DD-8950-36F003D88C4F}.Release|Any CPU.Build.0 = Release|Any CPU
		{92E42EA5-9FEF-4028-9752-E872CFD5FC7F}.Debug|Any CPU.ActiveCfg = Debug|Any CPU
		{92E42EA5-9FEF-4028-9752-E872CFD5FC7F}.Debug|Any CPU.Build.0 = Debug|Any CPU
		{92E42EA5-9FEF-4028-9752-E872CFD5FC7F}.Release|Any CPU.ActiveCfg = Release|Any CPU
		{92E42EA5-9FEF-4028-9752-E872CFD5FC7F}.Release|Any CPU.Build.0 = Release|Any CPU
	EndGlobalSection
	GlobalSection(SolutionProperties) = preSolution
		HideSolutionNode = FALSE
	EndGlobalSection
	GlobalSection(ExtensibilityGlobals) = postSolution
		SolutionGuid = {15FD7C08-8067-498D-8915-6AB90E53EDF3}
	EndGlobalSection
EndGlobal
