
Microsoft Visual Studio Solution File, Format Version 12.00
# Visual Studio Version 16
VisualStudioVersion = 16.0.31019.35
MinimumVisualStudioVersion = 10.0.40219.1
Project("{9A19103F-16F7-4668-BE54-9A1E7A4F7556}") = "DestinyLib", "DestinyLib\DestinyLib.csproj", "{92E42EA5-9FEF-4028-9752-E872CFD5FC7F}"
EndProject
Project("{9A19103F-16F7-4668-BE54-9A1E7A4F7556}") = "Tests", "Tests\Tests.csproj", "{B1A5F9AC-9770-43E6-9D83-27D7845998AA}"
EndProject
Project("{9A19103F-16F7-4668-BE54-9A1E7A4F7556}") = "InitEnvironment", "InitEnvironment\InitEnvironment.csproj", "{26222301-9767-4C6D-A57B-CEDAE260E681}"
EndProject
Project("{2150E333-8FDC-42A3-9474-1A3956D46DE8}") = "ConsoleApps", "ConsoleApps", "{2217BBF9-AA3F-4114-B14F-4276E9797868}"
EndProject
Project("{9A19103F-16F7-4668-BE54-9A1E7A4F7556}") = "DestinyInteractiveSandbox", "DestinyInteractiveSandbox\DestinyInteractiveSandbox.csproj", "{76DB9CE9-6692-416A-A2CE-411B8B76513F}"
EndProject
Project("{2150E333-8FDC-42A3-9474-1A3956D46DE8}") = "WebApp", "WebApp", "{29D60823-0D1D-45DD-8CED-EC4F6D774D2E}"
EndProject
Project("{FAE04EC0-301F-11D3-BF4B-00C04F79EFBC}") = "SandboxWeb", "SandboxWeb\SandboxWeb.csproj", "{54C124C5-7913-4BBE-947B-98B69B0DF75F}"
EndProject
Global
	GlobalSection(SolutionConfigurationPlatforms) = preSolution
		Debug|Any CPU = Debug|Any CPU
		Release|Any CPU = Release|Any CPU
	EndGlobalSection
	GlobalSection(ProjectConfigurationPlatforms) = postSolution
		{92E42EA5-9FEF-4028-9752-E872CFD5FC7F}.Debug|Any CPU.ActiveCfg = Debug|Any CPU
		{92E42EA5-9FEF-4028-9752-E872CFD5FC7F}.Debug|Any CPU.Build.0 = Debug|Any CPU
		{92E42EA5-9FEF-4028-9752-E872CFD5FC7F}.Release|Any CPU.ActiveCfg = Release|Any CPU
		{92E42EA5-9FEF-4028-9752-E872CFD5FC7F}.Release|Any CPU.Build.0 = Release|Any CPU
		{B1A5F9AC-9770-43E6-9D83-27D7845998AA}.Debug|Any CPU.ActiveCfg = Debug|Any CPU
		{B1A5F9AC-9770-43E6-9D83-27D7845998AA}.Debug|Any CPU.Build.0 = Debug|Any CPU
		{B1A5F9AC-9770-43E6-9D83-27D7845998AA}.Release|Any CPU.ActiveCfg = Release|Any CPU
		{B1A5F9AC-9770-43E6-9D83-27D7845998AA}.Release|Any CPU.Build.0 = Release|Any CPU
		{26222301-9767-4C6D-A57B-CEDAE260E681}.Debug|Any CPU.ActiveCfg = Debug|Any CPU
		{26222301-9767-4C6D-A57B-CEDAE260E681}.Debug|Any CPU.Build.0 = Debug|Any CPU
		{26222301-9767-4C6D-A57B-CEDAE260E681}.Release|Any CPU.ActiveCfg = Release|Any CPU
		{26222301-9767-4C6D-A57B-CEDAE260E681}.Release|Any CPU.Build.0 = Release|Any CPU
		{76DB9CE9-6692-416A-A2CE-411B8B76513F}.Debug|Any CPU.ActiveCfg = Debug|Any CPU
		{76DB9CE9-6692-416A-A2CE-411B8B76513F}.Debug|Any CPU.Build.0 = Debug|Any CPU
		{76DB9CE9-6692-416A-A2CE-411B8B76513F}.Release|Any CPU.ActiveCfg = Release|Any CPU
		{76DB9CE9-6692-416A-A2CE-411B8B76513F}.Release|Any CPU.Build.0 = Release|Any CPU
		{54C124C5-7913-4BBE-947B-98B69B0DF75F}.Debug|Any CPU.ActiveCfg = Debug|Any CPU
		{54C124C5-7913-4BBE-947B-98B69B0DF75F}.Debug|Any CPU.Build.0 = Debug|Any CPU
		{54C124C5-7913-4BBE-947B-98B69B0DF75F}.Release|Any CPU.ActiveCfg = Release|Any CPU
		{54C124C5-7913-4BBE-947B-98B69B0DF75F}.Release|Any CPU.Build.0 = Release|Any CPU
	EndGlobalSection
	GlobalSection(SolutionProperties) = preSolution
		HideSolutionNode = FALSE
	EndGlobalSection
	GlobalSection(NestedProjects) = preSolution
		{26222301-9767-4C6D-A57B-CEDAE260E681} = {2217BBF9-AA3F-4114-B14F-4276E9797868}
		{76DB9CE9-6692-416A-A2CE-411B8B76513F} = {2217BBF9-AA3F-4114-B14F-4276E9797868}
		{54C124C5-7913-4BBE-947B-98B69B0DF75F} = {29D60823-0D1D-45DD-8CED-EC4F6D774D2E}
	EndGlobalSection
	GlobalSection(ExtensibilityGlobals) = postSolution
		SolutionGuid = {15FD7C08-8067-498D-8915-6AB90E53EDF3}
	EndGlobalSection
EndGlobal
